github.com/davecgh/go-spew v1.1.1 h1:vj9j/u1bqnvCEfJOwUhtlOARqs3+rkHYY13jYWTU97c=
github.com/davecgh/go-spew v1.1.1/go.mod h1:J7Y8YcW2NihsgmVo/mv3lAwl/skON4iLHjSsI+c5H38=
github.com/goccy/go-yaml v1.19.0 h1:EmkZ9RIsX+Uq4DYFowegAuJo8+xdX3T/2dwNPXbxEYE=
github.com/goccy/go-yaml v1.19.0/go.mod h1:XBurs7gK8ATbW4ZPGKgcbrY1Br56PdM69F7LkFRi1kA=
github.com/pmezard/go-difflib v1.0.0 h1:4DBwDE0NGyQoBHbLQYPwSUPoCMWR5BEzIk/f1lZbAQM=
github.com/pmezard/go-difflib v1.0.0/go.mod h1:iKH77koFhYxTK1pcRnkKkqfTogsbg7gZNVY4sRDYZ/4=
github.com/stretchr/testify v1.11.1 h1:7s2iGBzp5EwR7/aIZr8ao5+dra3wiQyKjjFuvgVKu7U=
github.com/stretchr/testify v1.11.1/go.mod h1:wZwfW3scLgRK+23gO65QZefKpKQRnfz6sD981Nm4B6U=
github.com/theleeeo/indexer v0.0.0-20260606115642-72edb519ca64 h1:chjezcYCfuhrVcUdaWNCMNO/I0VWaQnawMTPvgDXc14=
github.com/theleeeo/indexer v0.0.0-20260606115642-72edb519ca64/go.mod h1:8I3lkkGePuqBjc57dFU6t14LSasbutGNt9MaIcPdSxs=
github.com/theleeeo/indexer/aggregation v0.0.0-20260606115642-72edb519ca64 h1:WO81AcV3aXUNNE+2xko+pE2oibe+hCZg4LC6K6EqxWg=
github.com/theleeeo/indexer/aggregation v0.0.0-20260606115642-72edb519ca64/go.mod h1:x62Y+7aofie6xdQMDVY72Fd3RwXh5GeMT4ZoZcEeBw0=
github.com/theleeeo/indexer/pkg/aggregation v0.0.0-20260606114001-ec5dd6871ca6 h1:ECAqO+yu9aO3M0bmKUZcDmzb3dztT97pWHsZL1yJKu0=
github.com/theleeeo/indexer/pkg/aggregation v0.0.0-20260606114001-ec5dd6871ca6/go.mod h1:5R/fqrzkfJxqWj4Pr+n/gNtQC9CBoQOXUdd2QJoeRsU=
gopkg.in/check.v1 v0.0.0-20161208181325-20d25e280405 h1:yhCVgyC4o1eVCa2tZl7eS0r+SDo693bJlVdllGtEeKM=
gopkg.in/check.v1 v0.0.0-20161208181325-20d25e280405/go.mod h1:Co6ibVJAznAaIkqp8huTwlJQCZ016jof/cbN4VW5Yz0=
gopkg.in/yaml.v3 v3.0.1 h1:fxVm/GzAzEWqLHuvctI91KS9hhNmmWOoWu0XTYJS7CA=
gopkg.in/yaml.v3 v3.0.1/go.mod h1:K4uyk7z7BCEPqu6E+C64Yfv1cQ7kz7rIZviUmN+EgEM=
